<?xml version="1.0" encoding="utf-8"?>
<Project ToolsVersion="4.0" xmlns="http://schemas.microsoft.com/developer/msbuild/2003">
  <ItemGroup>
    <Filter Include="Source Files">
      <UniqueIdentifier>{4FC737F1-C7A5-4376-A066-2A32D752A2FF}</UniqueIdentifier>
      <Extensions>cpp;c;cc;cxx;c++;cppm;ixx;def;odl;idl;hpj;bat;asm;asmx</Extensions>
    </Filter>
    <Filter Include="Header Files">
      <UniqueIdentifier>{93995380-89BD-4b04-88EB-625FBE52EBFB}</UniqueIdentifier>
      <Extensions>h;hh;hpp;hxx;h++;hm;inl;inc;ipp;xsd</Extensions>
    </Filter>
    <Filter Include="Resource Files">
      <UniqueIdentifier>{67DA6AB6-F800-4c08-8B7A-83BB121AAD01}</UniqueIdentifier>
      <Extensions>rc;ico;cur;bmp;dlg;rc2;rct;bin;rgs;gif;jpg;jpeg;jpe;resx;tiff;tif;png;wav;mfcribbon-ms</Extensions>
    </Filter>
    <Filter Include="Header Files\IEntities">
      <UniqueIdentifier>{2065ebe5-55b1-4f93-8dce-3aa30a721eed}</UniqueIdentifier>
    </Filter>
    <Filter Include="Header Files\IServices">
      <UniqueIdentifier>{972abe06-1789-465c-8e4d-aa8c6513bc37}</UniqueIdentifier>
    </Filter>
    <Filter Include="Source Files\Entities">
      <UniqueIdentifier>{2d1e8ce5-6a06-4b76-aa8c-c833ca142f4b}</UniqueIdentifier>
    </Filter>
    <Filter Include="Source Files\Services">
      <UniqueIdentifier>{c439e491-f547-4661-bbb0-2abf40661903}</UniqueIdentifier>
    </Filter>
  </ItemGroup>
  <ItemGroup>
    <ClCompile Include="HospitalManagmentSystem.cpp">
      <Filter>Source Files</Filter>
    </ClCompile>
    <ClCompile Include="Doctor.cpp">
      <Filter>Source Files\Entities</Filter>
    </ClCompile>
    <ClCompile Include="Employee.cpp">
      <Filter>Source Files\Entities</Filter>
    </ClCompile>
    <ClCompile Include="Nurse.cpp">
      <Filter>Source Files\Entities</Filter>
    </ClCompile>
    <ClCompile Include="Patient.cpp">
      <Filter>Source Files\Entities</Filter>
    </ClCompile>
    <ClCompile Include="Secretary.cpp">
      <Filter>Source Files\Entities</Filter>
    </ClCompile>
    <ClCompile Include="User.cpp">
      <Filter>Source Files\Entities</Filter>
    </ClCompile>
    <ClCompile Include="DoctorService.cpp">
      <Filter>Source Files\Services</Filter>
    </ClCompile>
    <ClCompile Include="EmployeeService.cpp">
      <Filter>Source Files\Services</Filter>
    </ClCompile>
    <ClCompile Include="NurseService.cpp">
      <Filter>Source Files\Services</Filter>
    </ClCompile>
    <ClCompile Include="PatientService.cpp">
      <Filter>Source Files\Services</Filter>
    </ClCompile>
    <ClCompile Include="SecretaryService.cpp">
      <Filter>Source Files\Services</Filter>
    </ClCompile>
    <ClCompile Include="Appointment.cpp">
      <Filter>Source Files\Entities</Filter>
    </ClCompile>
    <ClCompile Include="AppointmentService.cpp">
      <Filter>Source Files\Services</Filter>
    </ClCompile>
  </ItemGroup>
  <ItemGroup>
    <ClInclude Include="Doctor.h">
      <Filter>Header Files\IEntities</Filter>
    </ClInclude>
    <ClInclude Include="Employee.h">
      <Filter>Header Files\IEntities</Filter>
    </ClInclude>
    <ClInclude Include="Nurse.h">
      <Filter>Header Files\IEntities</Filter>
    </ClInclude>
    <ClInclude Include="Patient.h">
      <Filter>Header Files\IEntities</Filter>
    </ClInclude>
    <ClInclude Include="Secretary.h">
      <Filter>Header Files\IEntities</Filter>
    </ClInclude>
    <ClInclude Include="User.h">
      <Filter>Header Files\IEntities</Filter>
    </ClInclude>
    <ClInclude Include="DoctorService.h">
      <Filter>Header Files\IServices</Filter>
    </ClInclude>
    <ClInclude Include="EmployeeService.h">
      <Filter>Header Files\IServices</Filter>
    </ClInclude>
    <ClInclude Include="NurseService.h">
      <Filter>Header Files\IServices</Filter>
    </ClInclude>
    <ClInclude Include="PatientService.h">
      <Filter>Header Files\IServices</Filter>
    </ClInclude>
    <ClInclude Include="SecretaryService.h">
      <Filter>Header Files\IServices</Filter>
    </ClInclude>
    <ClInclude Include="Appointment.h">
      <Filter>Header Files\IEntities</Filter>
    </ClInclude>
    <ClInclude Include="AppointmentService.h">
      <Filter>Header Files\IServices</Filter>
    </ClInclude>
  </ItemGroup>
</Project>